// !$*UTF8*$!
{
	archiveVersion = 1;
	classes = {
	};
	objectVersion = 56;
	objects = {

/* Begin PBXBuildFile section */
		2B3471E32BAB94B4007992E4 /* UIViewController+Extensions.swift in Sources */ = {isa = PBXBuildFile; fileRef = 2B3471E22BAB94B4007992E4 /* UIViewController+Extensions.swift */; };
		2B3471E72BAB978E007992E4 /* OTPVC.swift in Sources */ = {isa = PBXBuildFile; fileRef = 2B3471E52BAB978E007992E4 /* OTPVC.swift */; };
		2B3471E82BAB978E007992E4 /* OTPVC.xib in Resources */ = {isa = PBXBuildFile; fileRef = 2B3471E62BAB978E007992E4 /* OTPVC.xib */; };
		2B3471EB2BABA394007992E4 /* OTPViewModel.swift in Sources */ = {isa = PBXBuildFile; fileRef = 2B3471EA2BABA394007992E4 /* OTPViewModel.swift */; };
		2B3471EF2BABA623007992E4 /* RegisterVC.swift in Sources */ = {isa = PBXBuildFile; fileRef = 2B3471ED2BABA623007992E4 /* RegisterVC.swift */; };
		2B3471F02BABA623007992E4 /* RegisterVC.xib in Resources */ = {isa = PBXBuildFile; fileRef = 2B3471EE2BABA623007992E4 /* RegisterVC.xib */; };
		2B3471F32BABB5D8007992E4 /* RegisterViewModel.swift in Sources */ = {isa = PBXBuildFile; fileRef = 2B3471F22BABB5D8007992E4 /* RegisterViewModel.swift */; };
		2B3471F62BABB628007992E4 /* UserModel.swift in Sources */ = {isa = PBXBuildFile; fileRef = 2B3471F52BABB628007992E4 /* UserModel.swift */; };
		2B3471FA2BABB723007992E4 /* HomeVC.swift in Sources */ = {isa = PBXBuildFile; fileRef = 2B3471F82BABB723007992E4 /* HomeVC.swift */; };
		2B3471FB2BABB723007992E4 /* HomeVC.xib in Resources */ = {isa = PBXBuildFile; fileRef = 2B3471F92BABB723007992E4 /* HomeVC.xib */; };
		2B6BA7C12BAB392F00C3FC86 /* LoginViewModel.swift in Sources */ = {isa = PBXBuildFile; fileRef = 2B6BA7C02BAB392F00C3FC86 /* LoginViewModel.swift */; };
		2B8A08172BAA8C0F0027ABE6 /* AppDelegate.swift in Sources */ = {isa = PBXBuildFile; fileRef = 2B8A08162BAA8C0F0027ABE6 /* AppDelegate.swift */; };
		2B8A08192BAA8C0F0027ABE6 /* SceneDelegate.swift in Sources */ = {isa = PBXBuildFile; fileRef = 2B8A08182BAA8C0F0027ABE6 /* SceneDelegate.swift */; };
		2B8A08202BAA8C110027ABE6 /* Assets.xcassets in Resources */ = {isa = PBXBuildFile; fileRef = 2B8A081F2BAA8C110027ABE6 /* Assets.xcassets */; };
		2B8A08232BAA8C110027ABE6 /* LaunchScreen.storyboard in Resources */ = {isa = PBXBuildFile; fileRef = 2B8A08212BAA8C110027ABE6 /* LaunchScreen.storyboard */; };
		2B8A082E2BAA8C120027ABE6 /* SigningFlowTests.swift in Sources */ = {isa = PBXBuildFile; fileRef = 2B8A082D2BAA8C120027ABE6 /* SigningFlowTests.swift */; };
		2B8A08382BAA8C120027ABE6 /* SigningFlowUITests.swift in Sources */ = {isa = PBXBuildFile; fileRef = 2B8A08372BAA8C120027ABE6 /* SigningFlowUITests.swift */; };
		2B8A083A2BAA8C120027ABE6 /* SigningFlowUITestsLaunchTests.swift in Sources */ = {isa = PBXBuildFile; fileRef = 2B8A08392BAA8C120027ABE6 /* SigningFlowUITestsLaunchTests.swift */; };
		2B8A084D2BAA8CDA0027ABE6 /* LoginVC.swift in Sources */ = {isa = PBXBuildFile; fileRef = 2B8A084B2BAA8CDA0027ABE6 /* LoginVC.swift */; };
		2B8A084E2BAA8CDA0027ABE6 /* LoginVC.xib in Resources */ = {isa = PBXBuildFile; fileRef = 2B8A084C2BAA8CDA0027ABE6 /* LoginVC.xib */; };
		30CAA5B59FF271205E9D93FC /* Pods_SigningFlow_SigningFlowUITests.framework in Frameworks */ = {isa = PBXBuildFile; fileRef = BA4E68835D3A7D279A5DFDF8 /* Pods_SigningFlow_SigningFlowUITests.framework */; };
		56A70F20E171DF86BDDA5292 /* Pods_SigningFlowTests.framework in Frameworks */ = {isa = PBXBuildFile; fileRef = 302CE4B4696C12B15EDCE906 /* Pods_SigningFlowTests.framework */; };
		CD76C500122BE5A9CBA82980 /* Pods_SigningFlow.framework in Frameworks */ = {isa = PBXBuildFile; fileRef = F9A33377EF4D5BF37D415A65 /* Pods_SigningFlow.framework */; };
/* End PBXBuildFile section */

/* Begin PBXContainerItemProxy section */
		2B8A082A2BAA8C120027ABE6 /* PBXContainerItemProxy */ = {
			isa = PBXContainerItemProxy;
			containerPortal = 2B8A080B2BAA8C0F0027ABE6 /* Project object */;
			proxyType = 1;
			remoteGlobalIDString = 2B8A08122BAA8C0F0027ABE6;
			remoteInfo = SigningFlow;
		};
		2B8A08342BAA8C120027ABE6 /* PBXContainerItemProxy */ = {
			isa = PBXContainerItemProxy;
			containerPortal = 2B8A080B2BAA8C0F0027ABE6 /* Project object */;
			proxyType = 1;
			remoteGlobalIDString = 2B8A08122BAA8C0F0027ABE6;
			remoteInfo = SigningFlow;
		};
/* End PBXContainerItemProxy section */

/* Begin PBXFileReference section */
		0B68A511B292011227D7ED1C /* Pods-SigningFlowTests.debug.xcconfig */ = {isa = PBXFileReference; includeInIndex = 1; lastKnownFileType = text.xcconfig; name = "Pods-SigningFlowTests.debug.xcconfig"; path = "Target Support Files/Pods-SigningFlowTests/Pods-SigningFlowTests.debug.xcconfig"; sourceTree = "<group>"; };
		2B3471E22BAB94B4007992E4 /* UIViewController+Extensions.swift */ = {isa = PBXFileReference; lastKnownFileType = sourcecode.swift; path = "UIViewController+Extensions.swift"; sourceTree = "<group>"; };
		2B3471E52BAB978E007992E4 /* OTPVC.swift */ = {isa = PBXFileReference; lastKnownFileType = sourcecode.swift; path = OTPVC.swift; sourceTree = "<group>"; };
		2B3471E62BAB978E007992E4 /* OTPVC.xib */ = {isa = PBXFileReference; lastKnownFileType = file.xib; path = OTPVC.xib; sourceTree = "<group>"; };
		2B3471EA2BABA394007992E4 /* OTPViewModel.swift */ = {isa = PBXFileReference; lastKnownFileType = sourcecode.swift; path = OTPViewModel.swift; sourceTree = "<group>"; };
		2B3471ED2BABA623007992E4 /* RegisterVC.swift */ = {isa = PBXFileReference; lastKnownFileType = sourcecode.swift; path = RegisterVC.swift; sourceTree = "<group>"; };
		2B3471EE2BABA623007992E4 /* RegisterVC.xib */ = {isa = PBXFileReference; lastKnownFileType = file.xib; path = RegisterVC.xib; sourceTree = "<group>"; };
		2B3471F22BABB5D8007992E4 /* RegisterViewModel.swift */ = {isa = PBXFileReference; lastKnownFileType = sourcecode.swift; path = RegisterViewModel.swift; sourceTree = "<group>"; };
		2B3471F52BABB628007992E4 /* UserModel.swift */ = {isa = PBXFileReference; lastKnownFileType = sourcecode.swift; path = UserModel.swift; sourceTree = "<group>"; };
		2B3471F82BABB723007992E4 /* HomeVC.swift */ = {isa = PBXFileReference; lastKnownFileType = sourcecode.swift; path = HomeVC.swift; sourceTree = "<group>"; };
		2B3471F92BABB723007992E4 /* HomeVC.xib */ = {isa = PBXFileReference; lastKnownFileType = file.xib; path = HomeVC.xib; sourceTree = "<group>"; };
		2B6BA7C02BAB392F00C3FC86 /* LoginViewModel.swift */ = {isa = PBXFileReference; lastKnownFileType = sourcecode.swift; path = LoginViewModel.swift; sourceTree = "<group>"; };
		2B8A08132BAA8C0F0027ABE6 /* SigningFlow.app */ = {isa = PBXFileReference; explicitFileType = wrapper.application; includeInIndex = 0; path = SigningFlow.app; sourceTree = BUILT_PRODUCTS_DIR; };
		2B8A08162BAA8C0F0027ABE6 /* AppDelegate.swift */ = {isa = PBXFileReference; lastKnownFileType = sourcecode.swift; path = AppDelegate.swift; sourceTree = "<group>"; };
		2B8A08182BAA8C0F0027ABE6 /* SceneDelegate.swift */ = {isa = PBXFileReference; lastKnownFileType = sourcecode.swift; path = SceneDelegate.swift; sourceTree = "<group>"; };
		2B8A081F2BAA8C110027ABE6 /* Assets.xcassets */ = {isa = PBXFileReference; lastKnownFileType = folder.assetcatalog; path = Assets.xcassets; sourceTree = "<group>"; };
		2B8A08222BAA8C110027ABE6 /* Base */ = {isa = PBXFileReference; lastKnownFileType = file.storyboard; name = Base; path = Base.lproj/LaunchScreen.storyboard; sourceTree = "<group>"; };
		2B8A08242BAA8C110027ABE6 /* Info.plist */ = {isa = PBXFileReference; lastKnownFileType = text.plist.xml; path = Info.plist; sourceTree = "<group>"; };
		2B8A08292BAA8C120027ABE6 /* SigningFlowTests.xctest */ = {isa = PBXFileReference; explicitFileType = wrapper.cfbundle; includeInIndex = 0; path = SigningFlowTests.xctest; sourceTree = BUILT_PRODUCTS_DIR; };
		2B8A082D2BAA8C120027ABE6 /* SigningFlowTests.swift */ = {isa = PBXFileReference; lastKnownFileType = sourcecode.swift; path = SigningFlowTests.swift; sourceTree = "<group>"; };
		2B8A08332BAA8C120027ABE6 /* SigningFlowUITests.xctest */ = {isa = PBXFileReference; explicitFileType = wrapper.cfbundle; includeInIndex = 0; path = SigningFlowUITests.xctest; sourceTree = BUILT_PRODUCTS_DIR; };
		2B8A08372BAA8C120027ABE6 /* SigningFlowUITests.swift */ = {isa = PBXFileReference; lastKnownFileType = sourcecode.swift; path = SigningFlowUITests.swift; sourceTree = "<group>"; };
		2B8A08392BAA8C120027ABE6 /* SigningFlowUITestsLaunchTests.swift */ = {isa = PBXFileReference; lastKnownFileType = sourcecode.swift; path = SigningFlowUITestsLaunchTests.swift; sourceTree = "<group>"; };
		2B8A084B2BAA8CDA0027ABE6 /* LoginVC.swift */ = {isa = PBXFileReference; lastKnownFileType = sourcecode.swift; path = LoginVC.swift; sourceTree = "<group>"; };
		2B8A084C2BAA8CDA0027ABE6 /* LoginVC.xib */ = {isa = PBXFileReference; lastKnownFileType = file.xib; path = LoginVC.xib; sourceTree = "<group>"; };
		302CE4B4696C12B15EDCE906 /* Pods_SigningFlowTests.framework */ = {isa = PBXFileReference; explicitFileType = wrapper.framework; includeInIndex = 0; path = Pods_SigningFlowTests.framework; sourceTree = BUILT_PRODUCTS_DIR; };
		A3C496E164074D8C17CC5BFF /* Pods-SigningFlow.debug.xcconfig */ = {isa = PBXFileReference; includeInIndex = 1; lastKnownFileType = text.xcconfig; name = "Pods-SigningFlow.debug.xcconfig"; path = "Target Support Files/Pods-SigningFlow/Pods-SigningFlow.debug.xcconfig"; sourceTree = "<group>"; };
		BA4E68835D3A7D279A5DFDF8 /* Pods_SigningFlow_SigningFlowUITests.framework */ = {isa = PBXFileReference; explicitFileType = wrapper.framework; includeInIndex = 0; path = Pods_SigningFlow_SigningFlowUITests.framework; sourceTree = BUILT_PRODUCTS_DIR; };
		CF32CA5E4EF538636D9DC264 /* Pods-SigningFlow-SigningFlowUITests.debug.xcconfig */ = {isa = PBXFileReference; includeInIndex = 1; lastKnownFileType = text.xcconfig; name = "Pods-SigningFlow-SigningFlowUITests.debug.xcconfig"; path = "Target Support Files/Pods-SigningFlow-SigningFlowUITests/Pods-SigningFlow-SigningFlowUITests.debug.xcconfig"; sourceTree = "<group>"; };
		E34CB3BFAA25FB12D510D5ED /* Pods-SigningFlowTests.release.xcconfig */ = {isa = PBXFileReference; includeInIndex = 1; lastKnownFileType = text.xcconfig; name = "Pods-SigningFlowTests.release.xcconfig"; path = "Target Support Files/Pods-SigningFlowTests/Pods-SigningFlowTests.release.xcconfig"; sourceTree = "<group>"; };
		E719B48264EBBC6097FEE947 /* Pods-SigningFlow-SigningFlowUITests.release.xcconfig */ = {isa = PBXFileReference; includeInIndex = 1; lastKnownFileType = text.xcconfig; name = "Pods-SigningFlow-SigningFlowUITests.release.xcconfig"; path = "Target Support Files/Pods-SigningFlow-SigningFlowUITests/Pods-SigningFlow-SigningFlowUITests.release.xcconfig"; sourceTree = "<group>"; };
		F530CA6ACF685FBE390BEF0D /* Pods-SigningFlow.release.xcconfig */ = {isa = PBXFileReference; includeInIndex = 1; lastKnownFileType = text.xcconfig; name = "Pods-SigningFlow.release.xcconfig"; path = "Target Support Files/Pods-SigningFlow/Pods-SigningFlow.release.xcconfig"; sourceTree = "<group>"; };
		F9A33377EF4D5BF37D415A65 /* Pods_SigningFlow.framework */ = {isa = PBXFileReference; explicitFileType = wrapper.framework; includeInIndex = 0; path = Pods_SigningFlow.framework; sourceTree = BUILT_PRODUCTS_DIR; };
/* End PBXFileReference section */

/* Begin PBXFrameworksBuildPhase section */
		2B8A08102BAA8C0F0027ABE6 /* Frameworks */ = {
			isa = PBXFrameworksBuildPhase;
			buildActionMask = 2147483647;
			files = (
				CD76C500122BE5A9CBA82980 /* Pods_SigningFlow.framework in Frameworks */,
			);
			runOnlyForDeploymentPostprocessing = 0;
		};
		2B8A08262BAA8C120027ABE6 /* Frameworks */ = {
			isa = PBXFrameworksBuildPhase;
			buildActionMask = 2147483647;
			files = (
				56A70F20E171DF86BDDA5292 /* Pods_SigningFlowTests.framework in Frameworks */,
			);
			runOnlyForDeploymentPostprocessing = 0;
		};
		2B8A08302BAA8C120027ABE6 /* Frameworks */ = {
			isa = PBXFrameworksBuildPhase;
			buildActionMask = 2147483647;
			files = (
				30CAA5B59FF271205E9D93FC /* Pods_SigningFlow_SigningFlowUITests.framework in Frameworks */,
			);
			runOnlyForDeploymentPostprocessing = 0;
		};
/* End PBXFrameworksBuildPhase section */

/* Begin PBXGroup section */
		22B04F8219BC4BA1FB5BE69E /* Frameworks */ = {
			isa = PBXGroup;
			children = (
				F9A33377EF4D5BF37D415A65 /* Pods_SigningFlow.framework */,
				BA4E68835D3A7D279A5DFDF8 /* Pods_SigningFlow_SigningFlowUITests.framework */,
				302CE4B4696C12B15EDCE906 /* Pods_SigningFlowTests.framework */,
			);
			name = Frameworks;
			sourceTree = "<group>";
		};
		2B3471E12BAB9106007992E4 /* Extensions */ = {
			isa = PBXGroup;
			children = (
				2B3471E22BAB94B4007992E4 /* UIViewController+Extensions.swift */,
			);
			path = Extensions;
			sourceTree = "<group>";
		};
		2B3471E42BAB964B007992E4 /* Views */ = {
			isa = PBXGroup;
			children = (
				2B3471E52BAB978E007992E4 /* OTPVC.swift */,
				2B3471E62BAB978E007992E4 /* OTPVC.xib */,
			);
			path = Views;
			sourceTree = "<group>";
		};
		2B3471E92BABA37F007992E4 /* ViewModel */ = {
			isa = PBXGroup;
			children = (
				2B3471EA2BABA394007992E4 /* OTPViewModel.swift */,
			);
			path = ViewModel;
			sourceTree = "<group>";
		};
		2B3471EC2BABA60B007992E4 /* Views */ = {
			isa = PBXGroup;
			children = (
				2B3471ED2BABA623007992E4 /* RegisterVC.swift */,
				2B3471EE2BABA623007992E4 /* RegisterVC.xib */,
			);
			path = Views;
			sourceTree = "<group>";
		};
		2B3471F12BABB5BC007992E4 /* ViewModels */ = {
			isa = PBXGroup;
			children = (
				2B3471F22BABB5D8007992E4 /* RegisterViewModel.swift */,
			);
			path = ViewModels;
			sourceTree = "<group>";
		};
		2B3471F42BABB60C007992E4 /* Model */ = {
			isa = PBXGroup;
			children = (
				2B3471F52BABB628007992E4 /* UserModel.swift */,
			);
			path = Model;
			sourceTree = "<group>";
		};
		2B3471F72BABB704007992E4 /* Views */ = {
			isa = PBXGroup;
			children = (
				2B3471F82BABB723007992E4 /* HomeVC.swift */,
				2B3471F92BABB723007992E4 /* HomeVC.xib */,
			);
			path = Views;
			sourceTree = "<group>";
		};
		2B8A080A2BAA8C0F0027ABE6 = {
			isa = PBXGroup;
			children = (
				2B8A08152BAA8C0F0027ABE6 /* SigningFlow */,
				2B8A082C2BAA8C120027ABE6 /* SigningFlowTests */,
				2B8A08362BAA8C120027ABE6 /* SigningFlowUITests */,
				2B8A08142BAA8C0F0027ABE6 /* Products */,
				9AF9A7037B5CD02FDFDA1D76 /* Pods */,
				22B04F8219BC4BA1FB5BE69E /* Frameworks */,
			);
			sourceTree = "<group>";
		};
		2B8A08142BAA8C0F0027ABE6 /* Products */ = {
			isa = PBXGroup;
			children = (
				2B8A08132BAA8C0F0027ABE6 /* SigningFlow.app */,
				2B8A08292BAA8C120027ABE6 /* SigningFlowTests.xctest */,
				2B8A08332BAA8C120027ABE6 /* SigningFlowUITests.xctest */,
			);
			name = Products;
			sourceTree = "<group>";
		};
		2B8A08152BAA8C0F0027ABE6 /* SigningFlow */ = {
			isa = PBXGroup;
			children = (
				2B3471E12BAB9106007992E4 /* Extensions */,
				2B8A08462BAA8C5F0027ABE6 /* AppFlow */,
				2B8A08162BAA8C0F0027ABE6 /* AppDelegate.swift */,
				2B8A08182BAA8C0F0027ABE6 /* SceneDelegate.swift */,
				2B8A081F2BAA8C110027ABE6 /* Assets.xcassets */,
				2B8A08212BAA8C110027ABE6 /* LaunchScreen.storyboard */,
				2B8A08242BAA8C110027ABE6 /* Info.plist */,
			);
			path = SigningFlow;
			sourceTree = "<group>";
		};
		2B8A082C2BAA8C120027ABE6 /* SigningFlowTests */ = {
			isa = PBXGroup;
			children = (
				2B8A082D2BAA8C120027ABE6 /* SigningFlowTests.swift */,
			);
			path = SigningFlowTests;
			sourceTree = "<group>";
		};
		2B8A08362BAA8C120027ABE6 /* SigningFlowUITests */ = {
			isa = PBXGroup;
			children = (
				2B8A08372BAA8C120027ABE6 /* SigningFlowUITests.swift */,
				2B8A08392BAA8C120027ABE6 /* SigningFlowUITestsLaunchTests.swift */,
			);
			path = SigningFlowUITests;
			sourceTree = "<group>";
		};
		2B8A08462BAA8C5F0027ABE6 /* AppFlow */ = {
			isa = PBXGroup;
			children = (
				2B8A08512BAA8DC90027ABE6 /* Home */,
				2B8A08502BAA8D990027ABE6 /* Register */,
				2B8A084F2BAA8D890027ABE6 /* OTP */,
				2B8A08472BAA8C6A0027ABE6 /* Login */,
			);
			path = AppFlow;
			sourceTree = "<group>";
		};
		2B8A08472BAA8C6A0027ABE6 /* Login */ = {
			isa = PBXGroup;
			children = (
				2B8A084A2BAA8CA50027ABE6 /* Models */,
				2B8A08492BAA8C9D0027ABE6 /* ViewModel */,
				2B8A08482BAA8C860027ABE6 /* Controllers */,
			);
			path = Login;
			sourceTree = "<group>";
		};
		2B8A08482BAA8C860027ABE6 /* Controllers */ = {
			isa = PBXGroup;
			children = (
				2B8A084B2BAA8CDA0027ABE6 /* LoginVC.swift */,
				2B8A084C2BAA8CDA0027ABE6 /* LoginVC.xib */,
			);
			path = Controllers;
			sourceTree = "<group>";
		};
		2B8A08492BAA8C9D0027ABE6 /* ViewModel */ = {
			isa = PBXGroup;
			children = (
				2B6BA7C02BAB392F00C3FC86 /* LoginViewModel.swift */,
			);
			path = ViewModel;
			sourceTree = "<group>";
		};
		2B8A084A2BAA8CA50027ABE6 /* Models */ = {
			isa = PBXGroup;
			children = (
			);
			path = Models;
			sourceTree = "<group>";
		};
		2B8A084F2BAA8D890027ABE6 /* OTP */ = {
			isa = PBXGroup;
			children = (
				2B3471E92BABA37F007992E4 /* ViewModel */,
				2B3471E42BAB964B007992E4 /* Views */,
			);
			path = OTP;
			sourceTree = "<group>";
		};
		2B8A08502BAA8D990027ABE6 /* Register */ = {
			isa = PBXGroup;
			children = (
				2B3471F42BABB60C007992E4 /* Model */,
				2B3471F12BABB5BC007992E4 /* ViewModels */,
				2B3471EC2BABA60B007992E4 /* Views */,
			);
			path = Register;
			sourceTree = "<group>";
		};
		2B8A08512BAA8DC90027ABE6 /* Home */ = {
			isa = PBXGroup;
			children = (
				2B3471F72BABB704007992E4 /* Views */,
			);
			path = Home;
			sourceTree = "<group>";
		};
		9AF9A7037B5CD02FDFDA1D76 /* Pods */ = {
			isa = PBXGroup;
			children = (
				A3C496E164074D8C17CC5BFF /* Pods-SigningFlow.debug.xcconfig */,
				F530CA6ACF685FBE390BEF0D /* Pods-SigningFlow.release.xcconfig */,
				CF32CA5E4EF538636D9DC264 /* Pods-SigningFlow-SigningFlowUITests.debug.xcconfig */,
				E719B48264EBBC6097FEE947 /* Pods-SigningFlow-SigningFlowUITests.release.xcconfig */,
				0B68A511B292011227D7ED1C /* Pods-SigningFlowTests.debug.xcconfig */,
				E34CB3BFAA25FB12D510D5ED /* Pods-SigningFlowTests.release.xcconfig */,
			);
			path = Pods;
			sourceTree = "<group>";
		};
/* End PBXGroup section */

/* Begin PBXNativeTarget section */
		2B8A08122BAA8C0F0027ABE6 /* SigningFlow */ = {
			isa = PBXNativeTarget;
			buildConfigurationList = 2B8A083D2BAA8C120027ABE6 /* Build configuration list for PBXNativeTarget "SigningFlow" */;
			buildPhases = (
				132A921F1F23BC035392B0C8 /* [CP] Check Pods Manifest.lock */,
				2B8A080F2BAA8C0F0027ABE6 /* Sources */,
				2B8A08102BAA8C0F0027ABE6 /* Frameworks */,
				2B8A08112BAA8C0F0027ABE6 /* Resources */,
				1A997E2B50F7BEE73F91D640 /* [CP] Embed Pods Frameworks */,
			);
			buildRules = (
			);
			dependencies = (
			);
			name = SigningFlow;
			productName = SigningFlow;
			productReference = 2B8A08132BAA8C0F0027ABE6 /* SigningFlow.app */;
			productType = "com.apple.product-type.application";
		};
		2B8A08282BAA8C120027ABE6 /* SigningFlowTests */ = {
			isa = PBXNativeTarget;
			buildConfigurationList = 2B8A08402BAA8C120027ABE6 /* Build configuration list for PBXNativeTarget "SigningFlowTests" */;
			buildPhases = (
				2B8A3AD4BE88A5CA9006FC16 /* [CP] Check Pods Manifest.lock */,
				2B8A08252BAA8C120027ABE6 /* Sources */,
				2B8A08262BAA8C120027ABE6 /* Frameworks */,
				2B8A08272BAA8C120027ABE6 /* Resources */,
			);
			buildRules = (
			);
			dependencies = (
				2B8A082B2BAA8C120027ABE6 /* PBXTargetDependency */,
			);
			name = SigningFlowTests;
			productName = SigningFlowTests;
			productReference = 2B8A08292BAA8C120027ABE6 /* SigningFlowTests.xctest */;
			productType = "com.apple.product-type.bundle.unit-test";
		};
		2B8A08322BAA8C120027ABE6 /* SigningFlowUITests */ = {
			isa = PBXNativeTarget;
			buildConfigurationList = 2B8A08432BAA8C120027ABE6 /* Build configuration list for PBXNativeTarget "SigningFlowUITests" */;
			buildPhases = (
				E3A87FEA220EAED24E8A0764 /* [CP] Check Pods Manifest.lock */,
				2B8A082F2BAA8C120027ABE6 /* Sources */,
				2B8A08302BAA8C120027ABE6 /* Frameworks */,
				2B8A08312BAA8C120027ABE6 /* Resources */,
				2F3D34163724CEB504B69C57 /* [CP] Embed Pods Frameworks */,
			);
			buildRules = (
			);
			dependencies = (
				2B8A08352BAA8C120027ABE6 /* PBXTargetDependency */,
			);
			name = SigningFlowUITests;
			productName = SigningFlowUITests;
			productReference = 2B8A08332BAA8C120027ABE6 /* SigningFlowUITests.xctest */;
			productType = "com.apple.product-type.bundle.ui-testing";
		};
/* End PBXNativeTarget section */

/* Begin PBXProject section */
		2B8A080B2BAA8C0F0027ABE6 /* Project object */ = {
			isa = PBXProject;
			attributes = {
				BuildIndependentTargetsInParallel = 1;
				LastSwiftUpdateCheck = 1500;
				LastUpgradeCheck = 1500;
				TargetAttributes = {
					2B8A08122BAA8C0F0027ABE6 = {
						CreatedOnToolsVersion = 15.0.1;
					};
					2B8A08282BAA8C120027ABE6 = {
						CreatedOnToolsVersion = 15.0.1;
						TestTargetID = 2B8A08122BAA8C0F0027ABE6;
					};
					2B8A08322BAA8C120027ABE6 = {
						CreatedOnToolsVersion = 15.0.1;
						TestTargetID = 2B8A08122BAA8C0F0027ABE6;
					};
				};
			};
			buildConfigurationList = 2B8A080E2BAA8C0F0027ABE6 /* Build configuration list for PBXProject "SigningFlow" */;
			compatibilityVersion = "Xcode 14.0";
			developmentRegion = en;
			hasScannedForEncodings = 0;
			knownRegions = (
				en,
				Base,
			);
			mainGroup = 2B8A080A2BAA8C0F0027ABE6;
			productRefGroup = 2B8A08142BAA8C0F0027ABE6 /* Products */;
			projectDirPath = "";
			projectRoot = "";
			targets = (
				2B8A08122BAA8C0F0027ABE6 /* SigningFlow */,
				2B8A08282BAA8C120027ABE6 /* SigningFlowTests */,
				2B8A08322BAA8C120027ABE6 /* SigningFlowUITests */,
			);
		};
/* End PBXProject section */

/* Begin PBXResourcesBuildPhase section */
		2B8A08112BAA8C0F0027ABE6 /* Resources */ = {
			isa = PBXResourcesBuildPhase;
			buildActionMask = 2147483647;
			files = (
				2B8A08232BAA8C110027ABE6 /* LaunchScreen.storyboard in Resources */,
				2B3471FB2BABB723007992E4 /* HomeVC.xib in Resources */,
				2B8A08202BAA8C110027ABE6 /* Assets.xcassets in Resources */,
				2B3471E82BAB978E007992E4 /* OTPVC.xib in Resources */,
				2B8A084E2BAA8CDA0027ABE6 /* LoginVC.xib in Resources */,
				2B3471F02BABA623007992E4 /* RegisterVC.xib in Resources */,
			);
			runOnlyForDeploymentPostprocessing = 0;
		};
		2B8A08272BAA8C120027ABE6 /* Resources */ = {
			isa = PBXResourcesBuildPhase;
			buildActionMask = 2147483647;
			files = (
			);
			runOnlyForDeploymentPostprocessing = 0;
		};
		2B8A08312BAA8C120027ABE6 /* Resources */ = {
			isa = PBXResourcesBuildPhase;
			buildActionMask = 2147483647;
			files = (
			);
			runOnlyForDeploymentPostprocessing = 0;
		};
/* End PBXResourcesBuildPhase section */

/* Begin PBXShellScriptBuildPhase section */
		132A921F1F23BC035392B0C8 /* [CP] Check Pods Manifest.lock */ = {
			isa = PBXShellScriptBuildPhase;
			buildActionMask = 2147483647;
			files = (
			);
			inputFileListPaths = (
			);
			inputPaths = (
				"${PODS_PODFILE_DIR_PATH}/Podfile.lock",
				"${PODS_ROOT}/Manifest.lock",
			);
			name = "[CP] Check Pods Manifest.lock";
			outputFileListPaths = (
			);
			outputPaths = (
				"$(DERIVED_FILE_DIR)/Pods-SigningFlow-checkManifestLockResult.txt",
			);
			runOnlyForDeploymentPostprocessing = 0;
			shellPath = /bin/sh;
			shellScript = "diff \"${PODS_PODFILE_DIR_PATH}/Podfile.lock\" \"${PODS_ROOT}/Manifest.lock\" > /dev/null\nif [ $? != 0 ] ; then\n    # print error to STDERR\n    echo \"error: The sandbox is not in sync with the Podfile.lock. Run 'pod install' or update your CocoaPods installation.\" >&2\n    exit 1\nfi\n# This output is used by Xcode 'outputs' to avoid re-running this script phase.\necho \"SUCCESS\" > \"${SCRIPT_OUTPUT_FILE_0}\"\n";
			showEnvVarsInLog = 0;
		};
		1A997E2B50F7BEE73F91D640 /* [CP] Embed Pods Frameworks */ = {
			isa = PBXShellScriptBuildPhase;
			buildActionMask = 2147483647;
			files = (
			);
			inputFileListPaths = (
				"${PODS_ROOT}/Target Support Files/Pods-SigningFlow/Pods-SigningFlow-frameworks-${CONFIGURATION}-input-files.xcfilelist",
			);
			name = "[CP] Embed Pods Frameworks";
			outputFileListPaths = (
				"${PODS_ROOT}/Target Support Files/Pods-SigningFlow/Pods-SigningFlow-frameworks-${CONFIGURATION}-output-files.xcfilelist",
			);
			runOnlyForDeploymentPostprocessing = 0;
			shellPath = /bin/sh;
			shellScript = "\"${PODS_ROOT}/Target Support Files/Pods-SigningFlow/Pods-SigningFlow-frameworks.sh\"\n";
			showEnvVarsInLog = 0;
		};
		2B8A3AD4BE88A5CA9006FC16 /* [CP] Check Pods Manifest.lock */ = {
			isa = PBXShellScriptBuildPhase;
			buildActionMask = 2147483647;
			files = (
			);
			inputFileListPaths = (
			);
			inputPaths = (
				"${PODS_PODFILE_DIR_PATH}/Podfile.lock",
				"${PODS_ROOT}/Manifest.lock",
			);
			name = "[CP] Check Pods Manifest.lock";
			outputFileListPaths = (
			);
			outputPaths = (
				"$(DERIVED_FILE_DIR)/Pods-SigningFlowTests-checkManifestLockResult.txt",
			);
			runOnlyForDeploymentPostprocessing = 0;
			shellPath = /bin/sh;
			shellScript = "diff \"${PODS_PODFILE_DIR_PATH}/Podfile.lock\" \"${PODS_ROOT}/Manifest.lock\" > /dev/null\nif [ $? != 0 ] ; then\n    # print error to STDERR\n    echo \"error: The sandbox is not in sync with the Podfile.lock. Run 'pod install' or update your CocoaPods installation.\" >&2\n    exit 1\nfi\n# This output is used by Xcode 'outputs' to avoid re-running this script phase.\necho \"SUCCESS\" > \"${SCRIPT_OUTPUT_FILE_0}\"\n";
			showEnvVarsInLog = 0;
		};
		2F3D34163724CEB504B69C57 /* [CP] Embed Pods Frameworks */ = {
			isa = PBXShellScriptBuildPhase;
			buildActionMask = 2147483647;
			files = (
			);
			inputFileListPaths = (
				"${PODS_ROOT}/Target Support Files/Pods-SigningFlow-SigningFlowUITests/Pods-SigningFlow-SigningFlowUITests-frameworks-${CONFIGURATION}-input-files.xcfilelist",
			);
			name = "[CP] Embed Pods Frameworks";
			outputFileListPaths = (
				"${PODS_ROOT}/Target Support Files/Pods-SigningFlow-SigningFlowUITests/Pods-SigningFlow-SigningFlowUITests-frameworks-${CONFIGURATION}-output-files.xcfilelist",
			);
			runOnlyForDeploymentPostprocessing = 0;
			shellPath = /bin/sh;
			shellScript = "\"${PODS_ROOT}/Target Support Files/Pods-SigningFlow-SigningFlowUITests/Pods-SigningFlow-SigningFlowUITests-frameworks.sh\"\n";
			showEnvVarsInLog = 0;
		};
		E3A87FEA220EAED24E8A0764 /* [CP] Check Pods Manifest.lock */ = {
			isa = PBXShellScriptBuildPhase;
			buildActionMask = 2147483647;
			files = (
			);
			inputFileListPaths = (
			);
			inputPaths = (
				"${PODS_PODFILE_DIR_PATH}/Podfile.lock",
				"${PODS_ROOT}/Manifest.lock",
			);
			name = "[CP] Check Pods Manifest.lock";
			outputFileListPaths = (
			);
			outputPaths = (
				"$(DERIVED_FILE_DIR)/Pods-SigningFlow-SigningFlowUITests-checkManifestLockResult.txt",
			);
			runOnlyForDeploymentPostprocessing = 0;
			shellPath = /bin/sh;
			shellScript = "diff \"${PODS_PODFILE_DIR_PATH}/Podfile.lock\" \"${PODS_ROOT}/Manifest.lock\" > /dev/null\nif [ $? != 0 ] ; then\n    # print error to STDERR\n    echo \"error: The sandbox is not in sync with the Podfile.lock. Run 'pod install' or update your CocoaPods installation.\" >&2\n    exit 1\nfi\n# This output is used by Xcode 'outputs' to avoid re-running this script phase.\necho \"SUCCESS\" > \"${SCRIPT_OUTPUT_FILE_0}\"\n";
			showEnvVarsInLog = 0;
		};
/* End PBXShellScriptBuildPhase section */

/* Begin PBXSourcesBuildPhase section */
		2B8A080F2BAA8C0F0027ABE6 /* Sources */ = {
			isa = PBXSourcesBuildPhase;
			buildActionMask = 2147483647;
			files = (
				2B6BA7C12BAB392F00C3FC86 /* LoginViewModel.swift in Sources */,
				2B3471EF2BABA623007992E4 /* RegisterVC.swift in Sources */,
				2B8A08172BAA8C0F0027ABE6 /* AppDelegate.swift in Sources */,
				2B3471E32BAB94B4007992E4 /* UIViewController+Extensions.swift in Sources */,
				2B8A084D2BAA8CDA0027ABE6 /* LoginVC.swift in Sources */,
				2B3471E72BAB978E007992E4 /* OTPVC.swift in Sources */,
				2B8A08192BAA8C0F0027ABE6 /* SceneDelegate.swift in Sources */,
				2B3471F32BABB5D8007992E4 /* RegisterViewModel.swift in Sources */,
				2B3471F62BABB628007992E4 /* UserModel.swift in Sources */,
				2B3471FA2BABB723007992E4 /* HomeVC.swift in Sources */,
				2B3471EB2BABA394007992E4 /* OTPViewModel.swift in Sources */,
			);
			runOnlyForDeploymentPostprocessing = 0;
		};
		2B8A08252BAA8C120027ABE6 /* Sources */ = {
			isa = PBXSourcesBuildPhase;
			buildActionMask = 2147483647;
			files = (
				2B8A082E2BAA8C120027ABE6 /* SigningFlowTests.swift in Sources */,
			);
			runOnlyForDeploymentPostprocessing = 0;
		};
		2B8A082F2BAA8C120027ABE6 /* Sources */ = {
			isa = PBXSourcesBuildPhase;
			buildActionMask = 2147483647;
			files = (
				2B8A083A2BAA8C120027ABE6 /* SigningFlowUITestsLaunchTests.swift in Sources */,
				2B8A08382BAA8C120027ABE6 /* SigningFlowUITests.swift in Sources */,
			);
			runOnlyForDeploymentPostprocessing = 0;
		};
/* End PBXSourcesBuildPhase section */

/* Begin PBXTargetDependency section */
		2B8A082B2BAA8C120027ABE6 /* PBXTargetDependency */ = {
			isa = PBXTargetDependency;
			target = 2B8A08122BAA8C0F0027ABE6 /* SigningFlow */;
			targetProxy = 2B8A082A2BAA8C120027ABE6 /* PBXContainerItemProxy */;
		};
		2B8A08352BAA8C120027ABE6 /* PBXTargetDependency */ = {
			isa = PBXTargetDependency;
			target = 2B8A08122BAA8C0F0027ABE6 /* SigningFlow */;
			targetProxy = 2B8A08342BAA8C120027ABE6 /* PBXContainerItemProxy */;
		};
/* End PBXTargetDependency section */

/* Begin PBXVariantGroup section */
		2B8A08212BAA8C110027ABE6 /* LaunchScreen.storyboard */ = {
			isa = PBXVariantGroup;
			children = (
				2B8A08222BAA8C110027ABE6 /* Base */,
			);
			name = LaunchScreen.storyboard;
			sourceTree = "<group>";
		};
/* End PBXVariantGroup section */

/* Begin XCBuildConfiguration section */
		2B8A083B2BAA8C120027ABE6 /* Debug */ = {
			isa = XCBuildConfiguration;
			buildSettings = {
				ALWAYS_SEARCH_USER_PATHS = NO;
				ASSETCATALOG_COMPILER_GENERATE_SWIFT_ASSET_SYMBOL_EXTENSIONS = YES;
				CLANG_ANALYZER_NONNULL = YES;
				CLANG_ANALYZER_NUMBER_OBJECT_CONVERSION = YES_AGGRESSIVE;
				CLANG_CXX_LANGUAGE_STANDARD = "gnu++20";
				CLANG_ENABLE_MODULES = YES;
				CLANG_ENABLE_OBJC_ARC = YES;
				CLANG_ENABLE_OBJC_WEAK = YES;
				CLANG_WARN_BLOCK_CAPTURE_AUTORELEASING = YES;
				CLANG_WARN_BOOL_CONVERSION = YES;
				CLANG_WARN_COMMA = YES;
				CLANG_WARN_CONSTANT_CONVERSION = YES;
				CLANG_WARN_DEPRECATED_OBJC_IMPLEMENTATIONS = YES;
				CLANG_WARN_DIRECT_OBJC_ISA_USAGE = YES_ERROR;
				CLANG_WARN_DOCUMENTATION_COMMENTS = YES;
				CLANG_WARN_EMPTY_BODY = YES;
				CLANG_WARN_ENUM_CONVERSION = YES;
				CLANG_WARN_INFINITE_RECURSION = YES;
				CLANG_WARN_INT_CONVERSION = YES;
				CLANG_WARN_NON_LITERAL_NULL_CONVERSION = YES;
				CLANG_WARN_OBJC_IMPLICIT_RETAIN_SELF = YES;
				CLANG_WARN_OBJC_LITERAL_CONVERSION = YES;
				CLANG_WARN_OBJC_ROOT_CLASS = YES_ERROR;
				CLANG_WARN_QUOTED_INCLUDE_IN_FRAMEWORK_HEADER = YES;
				CLANG_WARN_RANGE_LOOP_ANALYSIS = YES;
				CLANG_WARN_STRICT_PROTOTYPES = YES;
				CLANG_WARN_SUSPICIOUS_MOVE = YES;
				CLANG_WARN_UNGUARDED_AVAILABILITY = YES_AGGRESSIVE;
				CLANG_WARN_UNREACHABLE_CODE = YES;
				CLANG_WARN__DUPLICATE_METHOD_MATCH = YES;
				COPY_PHASE_STRIP = NO;
				DEBUG_INFORMATION_FORMAT = dwarf;
				ENABLE_STRICT_OBJC_MSGSEND = YES;
				ENABLE_TESTABILITY = YES;
				ENABLE_USER_SCRIPT_SANDBOXING = YES;
				GCC_C_LANGUAGE_STANDARD = gnu17;
				GCC_DYNAMIC_NO_PIC = NO;
				GCC_NO_COMMON_BLOCKS = YES;
				GCC_OPTIMIZATION_LEVEL = 0;
				GCC_PREPROCESSOR_DEFINITIONS = (
					"DEBUG=1",
					"$(inherited)",
				);
				GCC_WARN_64_TO_32_BIT_CONVERSION = YES;
				GCC_WARN_ABOUT_RETURN_TYPE = YES_ERROR;
				GCC_WARN_UNDECLARED_SELECTOR = YES;
				GCC_WARN_UNINITIALIZED_AUTOS = YES_AGGRESSIVE;
				GCC_WARN_UNUSED_FUNCTION = YES;
				GCC_WARN_UNUSED_VARIABLE = YES;
				IPHONEOS_DEPLOYMENT_TARGET = 17.0;
				LOCALIZATION_PREFERS_STRING_CATALOGS = YES;
				MTL_ENABLE_DEBUG_INFO = INCLUDE_SOURCE;
				MTL_FAST_MATH = YES;
				ONLY_ACTIVE_ARCH = YES;
				SDKROOT = iphoneos;
				SWIFT_ACTIVE_COMPILATION_CONDITIONS = "DEBUG $(inherited)";
				SWIFT_OPTIMIZATION_LEVEL = "-Onone";
			};
			name = Debug;
		};
		2B8A083C2BAA8C120027ABE6 /* Release */ = {
			isa = XCBuildConfiguration;
			buildSettings = {
				ALWAYS_SEARCH_USER_PATHS = NO;
				ASSETCATALOG_COMPILER_GENERATE_SWIFT_ASSET_SYMBOL_EXTENSIONS = YES;
				CLANG_ANALYZER_NONNULL = YES;
				CLANG_ANALYZER_NUMBER_OBJECT_CONVERSION = YES_AGGRESSIVE;
				CLANG_CXX_LANGUAGE_STANDARD = "gnu++20";
				CLANG_ENABLE_MODULES = YES;
				CLANG_ENABLE_OBJC_ARC = YES;
				CLANG_ENABLE_OBJC_WEAK = YES;
				CLANG_WARN_BLOCK_CAPTURE_AUTORELEASING = YES;
				CLANG_WARN_BOOL_CONVERSION = YES;
				CLANG_WARN_COMMA = YES;
				CLANG_WARN_CONSTANT_CONVERSION = YES;
				CLANG_WARN_DEPRECATED_OBJC_IMPLEMENTATIONS = YES;
				CLANG_WARN_DIRECT_OBJC_ISA_USAGE = YES_ERROR;
				CLANG_WARN_DOCUMENTATION_COMMENTS = YES;
				CLANG_WARN_EMPTY_BODY = YES;
				CLANG_WARN_ENUM_CONVERSION = YES;
				CLANG_WARN_INFINITE_RECURSION = YES;
				CLANG_WARN_INT_CONVERSION = YES;
				CLANG_WARN_NON_LITERAL_NULL_CONVERSION = YES;
				CLANG_WARN_OBJC_IMPLICIT_RETAIN_SELF = YES;
				CLANG_WARN_OBJC_LITERAL_CONVERSION = YES;
				CLANG_WARN_OBJC_ROOT_CLASS = YES_ERROR;
				CLANG_WARN_QUOTED_INCLUDE_IN_FRAMEWORK_HEADER = YES;
				CLANG_WARN_RANGE_LOOP_ANALYSIS = YES;
				CLANG_WARN_STRICT_PROTOTYPES = YES;
				CLANG_WARN_SUSPICIOUS_MOVE = YES;
				CLANG_WARN_UNGUARDED_AVAILABILITY = YES_AGGRESSIVE;
				CLANG_WARN_UNREACHABLE_CODE = YES;
				CLANG_WARN__DUPLICATE_METHOD_MATCH = YES;
				COPY_PHASE_STRIP = NO;
				DEBUG_INFORMATION_FORMAT = "dwarf-with-dsym";
				ENABLE_NS_ASSERTIONS = NO;
				ENABLE_STRICT_OBJC_MSGSEND = YES;
				ENABLE_USER_SCRIPT_SANDBOXING = YES;
				GCC_C_LANGUAGE_STANDARD = gnu17;
				GCC_NO_COMMON_BLOCKS = YES;
				GCC_WARN_64_TO_32_BIT_CONVERSION = YES;
				GCC_WARN_ABOUT_RETURN_TYPE = YES_ERROR;
				GCC_WARN_UNDECLARED_SELECTOR = YES;
				GCC_WARN_UNINITIALIZED_AUTOS = YES_AGGRESSIVE;
				GCC_WARN_UNUSED_FUNCTION = YES;
				GCC_WARN_UNUSED_VARIABLE = YES;
				IPHONEOS_DEPLOYMENT_TARGET = 17.0;
				LOCALIZATION_PREFERS_STRING_CATALOGS = YES;
				MTL_ENABLE_DEBUG_INFO = NO;
				MTL_FAST_MATH = YES;
				SDKROOT = iphoneos;
				SWIFT_COMPILATION_MODE = wholemodule;
				VALIDATE_PRODUCT = YES;
			};
			name = Release;
		};
		2B8A083E2BAA8C120027ABE6 /* Debug */ = {
			isa = XCBuildConfiguration;
			baseConfigurationReference = A3C496E164074D8C17CC5BFF /* Pods-SigningFlow.debug.xcconfig */;
			buildSettings = {
				ASSETCATALOG_COMPILER_APPICON_NAME = AppIcon;
				ASSETCATALOG_COMPILER_GLOBAL_ACCENT_COLOR_NAME = AccentColor;
				CODE_SIGN_STYLE = Automatic;
				CURRENT_PROJECT_VERSION = 1;
				DEVELOPMENT_TEAM = FU4635KL3Z;
				ENABLE_USER_SCRIPT_SANDBOXING = NO;
				GENERATE_INFOPLIST_FILE = YES;
				INFOPLIST_FILE = SigningFlow/Info.plist;
				INFOPLIST_KEY_UIApplicationSupportsIndirectInputEvents = YES;
				INFOPLIST_KEY_UILaunchStoryboardName = LaunchScreen;
				INFOPLIST_KEY_UISupportedInterfaceOrientations_iPad = "UIInterfaceOrientationPortrait UIInterfaceOrientationPortraitUpsideDown UIInterfaceOrientationLandscapeLeft UIInterfaceOrientationLandscapeRight";
				INFOPLIST_KEY_UISupportedInterfaceOrientations_iPhone = "UIInterfaceOrientationPortrait UIInterfaceOrientationLandscapeLeft UIInterfaceOrientationLandscapeRight";
				LD_RUNPATH_SEARCH_PATHS = (
					"$(inherited)",
					"@executable_path/Frameworks",
				);
				MARKETING_VERSION = 1.0;
				PRODUCT_BUNDLE_IDENTIFIER = com.Raiaan.SigningFlow;
				PRODUCT_NAME = "$(TARGET_NAME)";
				SWIFT_EMIT_LOC_STRINGS = YES;
				SWIFT_VERSION = 5.0;
				TARGETED_DEVICE_FAMILY = "1,2";
			};
			name = Debug;
		};
		2B8A083F2BAA8C120027ABE6 /* Release */ = {
			isa = XCBuildConfiguration;
			baseConfigurationReference = F530CA6ACF685FBE390BEF0D /* Pods-SigningFlow.release.xcconfig */;
			buildSettings = {
				ASSETCATALOG_COMPILER_APPICON_NAME = AppIcon;
				ASSETCATALOG_COMPILER_GLOBAL_ACCENT_COLOR_NAME = AccentColor;
				CODE_SIGN_STYLE = Automatic;
				CURRENT_PROJECT_VERSION = 1;
				DEVELOPMENT_TEAM = FU4635KL3Z;
				ENABLE_USER_SCRIPT_SANDBOXING = NO;
				GENERATE_INFOPLIST_FILE = YES;
				INFOPLIST_FILE = SigningFlow/Info.plist;
				INFOPLIST_KEY_UIApplicationSupportsIndirectInputEvents = YES;
				INFOPLIST_KEY_UILaunchStoryboardName = LaunchScreen;
				INFOPLIST_KEY_UISupportedInterfaceOrientations_iPad = "UIInterfaceOrientationPortrait UIInterfaceOrientationPortraitUpsideDown UIInterfaceOrientationLandscapeLeft UIInterfaceOrientationLandscapeRight";
				INFOPLIST_KEY_UISupportedInterfaceOrientations_iPhone = "UIInterfaceOrientationPortrait UIInterfaceOrientationLandscapeLeft UIInterfaceOrientationLandscapeRight";
				LD_RUNPATH_SEARCH_PATHS = (
					"$(inherited)",
					"@executable_path/Frameworks",
				);
				MARKETING_VERSION = 1.0;
				PRODUCT_BUNDLE_IDENTIFIER = com.Raiaan.SigningFlow;
				PRODUCT_NAME = "$(TARGET_NAME)";
				SWIFT_EMIT_LOC_STRINGS = YES;
				SWIFT_VERSION = 5.0;
				TARGETED_DEVICE_FAMILY = "1,2";
			};
			name = Release;
		};
		2B8A08412BAA8C120027ABE6 /* Debug */ = {
			isa = XCBuildConfiguration;
			baseConfigurationReference = 0B68A511B292011227D7ED1C /* Pods-SigningFlowTests.debug.xcconfig */;
			buildSettings = {
				ALWAYS_EMBED_SWIFT_STANDARD_LIBRARIES = YES;
				BUNDLE_LOADER = "$(TEST_HOST)";
				CODE_SIGN_STYLE = Automatic;
				CURRENT_PROJECT_VERSION = 1;
				DEVELOPMENT_TEAM = FU4635KL3Z;
				GENERATE_INFOPLIST_FILE = YES;
				IPHONEOS_DEPLOYMENT_TARGET = 17.0;
				MARKETING_VERSION = 1.0;
				PRODUCT_BUNDLE_IDENTIFIER = com.Raiaan.SigningFlowTests;
				PRODUCT_NAME = "$(TARGET_NAME)";
				SWIFT_EMIT_LOC_STRINGS = NO;
				SWIFT_VERSION = 5.0;
				TARGETED_DEVICE_FAMILY = "1,2";
				TEST_HOST = "$(BUILT_PRODUCTS_DIR)/SigningFlow.app/$(BUNDLE_EXECUTABLE_FOLDER_PATH)/SigningFlow";
			};
			name = Debug;
		};
		2B8A08422BAA8C120027ABE6 /* Release */ = {
			isa = XCBuildConfiguration;
			baseConfigurationReference = E34CB3BFAA25FB12D510D5ED /* Pods-SigningFlowTests.release.xcconfig */;
			buildSettings = {
				ALWAYS_EMBED_SWIFT_STANDARD_LIBRARIES = YES;
				BUNDLE_LOADER = "$(TEST_HOST)";
				CODE_SIGN_STYLE = Automatic;
				CURRENT_PROJECT_VERSION = 1;
				DEVELOPMENT_TEAM = FU4635KL3Z;
				GENERATE_INFOPLIST_FILE = YES;
				IPHONEOS_DEPLOYMENT_TARGET = 17.0;
				MARKETING_VERSION = 1.0;
				PRODUCT_BUNDLE_IDENTIFIER = com.Raiaan.SigningFlowTests;
				PRODUCT_NAME = "$(TARGET_NAME)";
				SWIFT_EMIT_LOC_STRINGS = NO;
				SWIFT_VERSION = 5.0;
				TARGETED_DEVICE_FAMILY = "1,2";
				TEST_HOST = "$(BUILT_PRODUCTS_DIR)/SigningFlow.app/$(BUNDLE_EXECUTABLE_FOLDER_PATH)/SigningFlow";
			};
			name = Release;
		};
		2B8A08442BAA8C120027ABE6 /* Debug */ = {
			isa = XCBuildConfiguration;
			baseConfigurationReference = CF32CA5E4EF538636D9DC264 /* Pods-SigningFlow-SigningFlowUITests.debug.xcconfig */;
			buildSettings = {
				ALWAYS_EMBED_SWIFT_STANDARD_LIBRARIES = YES;
				CODE_SIGN_STYLE = Automatic;
				CURRENT_PROJECT_VERSION = 1;
				DEVELOPMENT_TEAM = FU4635KL3Z;
				GENERATE_INFOPLIST_FILE = YES;
				MARKETING_VERSION = 1.0;
				PRODUCT_BUNDLE_IDENTIFIER = com.Raiaan.SigningFlowUITests;
				PRODUCT_NAME = "$(TARGET_NAME)";
				SWIFT_EMIT_LOC_STRINGS = NO;
				SWIFT_VERSION = 5.0;
				TARGETED_DEVICE_FAMILY = "1,2";
				TEST_TARGET_NAME = SigningFlow;
			};
			name = Debug;
		};
		2B8A08452BAA8C120027ABE6 /* Release */ = {
			isa = XCBuildConfiguration;
			baseConfigurationReference = E719B48264EBBC6097FEE947 /* Pods-SigningFlow-SigningFlowUITests.release.xcconfig */;
			buildSettings = {
				ALWAYS_EMBED_SWIFT_STANDARD_LIBRARIES = YES;
				CODE_SIGN_STYLE = Automatic;
				CURRENT_PROJECT_VERSION = 1;
				DEVELOPMENT_TEAM = FU4635KL3Z;
				GENERATE_INFOPLIST_FILE = YES;
				MARKETING_VERSION = 1.0;
				PRODUCT_BUNDLE_IDENTIFIER = com.Raiaan.SigningFlowUITests;
				PRODUCT_NAME = "$(TARGET_NAME)";
				SWIFT_EMIT_LOC_STRINGS = NO;
				SWIFT_VERSION = 5.0;
				TARGETED_DEVICE_FAMILY = "1,2";
				TEST_TARGET_NAME = SigningFlow;
			};
			name = Release;
		};
/* End XCBuildConfiguration section */

/* Begin XCConfigurationList section */
		2B8A080E2BAA8C0F0027ABE6 /* Build configuration list for PBXProject "SigningFlow" */ = {
			isa = XCConfigurationList;
			buildConfigurations = (
				2B8A083B2BAA8C120027ABE6 /* Debug */,
				2B8A083C2BAA8C120027ABE6 /* Release */,
			);
			defaultConfigurationIsVisible = 0;
			defaultConfigurationName = Release;
		};
		2B8A083D2BAA8C120027ABE6 /* Build configuration list for PBXNativeTarget "SigningFlow" */ = {
			isa = XCConfigurationList;
			buildConfigurations = (
				2B8A083E2BAA8C120027ABE6 /* Debug */,
				2B8A083F2BAA8C120027ABE6 /* Release */,
			);
			defaultConfigurationIsVisible = 0;
			defaultConfigurationName = Release;
		};
		2B8A08402BAA8C120027ABE6 /* Build configuration list for PBXNativeTarget "SigningFlowTests" */ = {
			isa = XCConfigurationList;
			buildConfigurations = (
				2B8A08412BAA8C120027ABE6 /* Debug */,
				2B8A08422BAA8C120027ABE6 /* Release */,
			);
			defaultConfigurationIsVisible = 0;
			defaultConfigurationName = Release;
		};
		2B8A08432BAA8C120027ABE6 /* Build configuration list for PBXNativeTarget "SigningFlowUITests" */ = {
			isa = XCConfigurationList;
			buildConfigurations = (
				2B8A08442BAA8C120027ABE6 /* Debug */,
				2B8A08452BAA8C120027ABE6 /* Release */,
			);
			defaultConfigurationIsVisible = 0;
			defaultConfigurationName = Release;
		};
/* End XCConfigurationList section */
	};
	rootObject = 2B8A080B2BAA8C0F0027ABE6 /* Project object */;
}
